
Microsoft Visual Studio Solution File, Format Version 12.00
# Visual Studio Version 17
VisualStudioVersion = 17.5.33424.131
MinimumVisualStudioVersion = 10.0.40219.1
Project("{FAE04EC0-301F-11D3-BF4B-00C04F79EFBC}") = "Identity.CoreWebUI", "Identity.CoreWebUI\Identity.CoreWebUI.csproj", "{03F556F9-7F52-46B9-8618-30C0ECB9FA49}"
EndProject
Global
	GlobalSection(SolutionConfigurationPlatforms) = preSolution
		Debug|Any CPU = Debug|Any CPU
		Release|Any CPU = Release|Any CPU
	EndGlobalSection
	GlobalSection(ProjectConfigurationPlatforms) = postSolution
		{03F556F9-7F52-46B9-8618-30C0ECB9FA49}.Debug|Any CPU.ActiveCfg = Debug|Any CPU
		{03F556F9-7F52-46B9-8618-30C0ECB9FA49}.Debug|Any CPU.Build.0 = Debug|Any CPU
		{03F556F9-7F52-46B9-8618-30C0ECB9FA49}.Release|Any CPU.ActiveCfg = Release|Any CPU
		{03F556F9-7F52-46B9-8618-30C0ECB9FA49}.Release|Any CPU.Build.0 = Release|Any CPU
	EndGlobalSection
	GlobalSection(SolutionProperties) = preSolution
		HideSolutionNode = FALSE
	EndGlobalSection
	GlobalSection(ExtensibilityGlobals) = postSolution
		SolutionGuid = {91A8871F-3B38-42BE-B74C-119B1B62A649}
	EndGlobalSection
EndGlobal
